lockfileVersion: '9.0'

settings:
  autoInstallPeers: true
  excludeLinksFromLockfile: false

importers:

  .:
    dependencies:
      typescript:
        specifier: ^5.8.3
        version: 5.8.3

packages:

  typescript@5.8.3:
    resolution: {integrity: sha1-kvij5ePPSXNW9BeMNM1lp/XoRA4=, tarball: http://r.npm.sankuai.com/typescript/download/typescript-5.8.3.tgz}
    engines: {node: '>=14.17'}
    hasBin: true

snapshots:

  typescript@5.8.3: {}
